
Microsoft Visual Studio Solution File, Format Version 12.00
# Visual Studio Version 17
VisualStudioVersion = 17.4.33205.214
MinimumVisualStudioVersion = 10.0.40219.1
Project("{FAE04EC0-301F-11D3-BF4B-00C04F79EFBC}") = "MusicFadingOut", "MusicFadingOut.csproj", "{807D5BB1-9F6D-4BFA-83EF-8E4C63A5ABE4}"
EndProject
Global
	GlobalSection(SolutionConfigurationPlatforms) = preSolution
		Debug|Any CPU = Debug|Any CPU
		Release|Any CPU = Release|Any CPU
	EndGlobalSection
	GlobalSection(ProjectConfigurationPlatforms) = postSolution
		{807D5BB1-9F6D-4BFA-83EF-8E4C63A5ABE4}.Debug|Any CPU.ActiveCfg = Debug|Any CPU
		{807D5BB1-9F6D-4BFA-83EF-8E4C63A5ABE4}.Debug|Any CPU.Build.0 = Debug|Any CPU
		{807D5BB1-9F6D-4BFA-83EF-8E4C63A5ABE4}.Release|Any CPU.ActiveCfg = Release|Any CPU
		{807D5BB1-9F6D-4BFA-83EF-8E4C63A5ABE4}.Release|Any CPU.Build.0 = Release|Any CPU
	EndGlobalSection
	GlobalSection(SolutionProperties) = preSolution
		HideSolutionNode = FALSE
	EndGlobalSection
	GlobalSection(ExtensibilityGlobals) = postSolution
		SolutionGuid = {C061EC2C-722B-4EE5-8F29-B82F0389F1AB}
	EndGlobalSection
EndGlobal
